<Solution>
  <Folder Name="/Nuget_Class/">
    <Project Path="Nugets/NugetClass/NugetClass.csproj" Id="348455a3-4e9a-4c3a-8918-23b4d1568fb3" />
    <Project Path="Nugets/NugetPackage_Rest/NugetPackage_Rest.csproj" />
    <Project Path="Nugets/NugetPackage_Rest.Tests/NugetPackage_Rest.Tests.csproj" />
  </Folder>
  <Folder Name="/UM_Paciente/" />
  <Folder Name="/UM_Paciente/A.Domain/">
    <Project Path="UM_Paciente/MedicalAppointments.Domain/MedicalAppointments.Patients.Domain.csproj" />
  </Folder>
  <Folder Name="/UM_Paciente/B.Core/">
    <Project Path="UM_Paciente/MedicalAppointments.Core/MedicalAppointments.Patients.Core.csproj" />
  </Folder>
  <Folder Name="/UM_Paciente/C.Persistence/">
    <Project Path="UM_Paciente/MedicalAppointments.Persistence/MedicalAppointments.Patients.Persistence.csproj" />
  </Folder>
  <Folder Name="/UM_Paciente/D.Infrastructure/">
    <Project Path="UM_Paciente/MedicalAppointments.Infrastructure/MedicalAppointments.Patients.Infrastructure.csproj" />
  </Folder>
  <Folder Name="/UM_Paciente/F.Tests/">
    <Project Path="UM_Paciente/MedicalAppointments.Tests/MedicalAppointments.Tests.csproj" />
  </Folder>
  <Folder Name="/UM_Paciente/E.Api/">
    <Project Path="UM_Paciente/MedicalAppointments.Api/MedicalAppointments.Patients.Api.csproj" />
  </Folder>
  <Folder Name="/UM_Seguridad/" />
</Solution>
